
Microsoft Visual Studio Solution File, Format Version 12.00
# Visual Studio Version 17
VisualStudioVersion = 17.3.32804.467
MinimumVisualStudioVersion = 10.0.40219.1
Project("{FAE04EC0-301F-11D3-BF4B-00C04F79EFBC}") = "ConsumingValorantAPI", "ConsumingValorantAPI\ConsumingValorantAPI.csproj", "{38ACCF5F-5378-4829-8587-668E8C66DB4E}"
EndProject
Project("{FAE04EC0-301F-11D3-BF4B-00C04F79EFBC}") = "ConsumingPokemonAPI", "ConsumingPokemonAPI\ConsumingPokemonAPI.csproj", "{87FBAE2D-F573-4852-B3A6-AE08A0B3E03F}"
EndProject
Global
	GlobalSection(SolutionConfigurationPlatforms) = preSolution
		Debug|Any CPU = Debug|Any CPU
		Release|Any CPU = Release|Any CPU
	EndGlobalSection
	GlobalSection(ProjectConfigurationPlatforms) = postSolution
		{38ACCF5F-5378-4829-8587-668E8C66DB4E}.Debug|Any CPU.ActiveCfg = Debug|Any CPU
		{38ACCF5F-5378-4829-8587-668E8C66DB4E}.Debug|Any CPU.Build.0 = Debug|Any CPU
		{38ACCF5F-5378-4829-8587-668E8C66DB4E}.Release|Any CPU.ActiveCfg = Release|Any CPU
		{38ACCF5F-5378-4829-8587-668E8C66DB4E}.Release|Any CPU.Build.0 = Release|Any CPU
		{87FBAE2D-F573-4852-B3A6-AE08A0B3E03F}.Debug|Any CPU.ActiveCfg = Debug|Any CPU
		{87FBAE2D-F573-4852-B3A6-AE08A0B3E03F}.Debug|Any CPU.Build.0 = Debug|Any CPU
		{87FBAE2D-F573-4852-B3A6-AE08A0B3E03F}.Release|Any CPU.ActiveCfg = Release|Any CPU
		{87FBAE2D-F573-4852-B3A6-AE08A0B3E03F}.Release|Any CPU.Build.0 = Release|Any CPU
	EndGlobalSection
	GlobalSection(SolutionProperties) = preSolution
		HideSolutionNode = FALSE
	EndGlobalSection
	GlobalSection(ExtensibilityGlobals) = postSolution
		SolutionGuid = {A66D7DFB-4C52-4840-B3D5-3027810B26C8}
	EndGlobalSection
EndGlobal
